{
  "name": "@mottive/microservice",
  "version": "0.0.2",
  "lockfileVersion": 2,
  "requires": true,
  "packages": {
    "": {
      "name": "@mottive/microservice",
      "version": "0.0.2",
      "dependencies": {
        "@mottive/engine": "*",
        "@mottive/messages": "*"
      }
    },
    "node_modules/@mottive/engine": {
      "version": "0.0.2",
      "resolved": "https://registry.npmjs.org/@mottive/engine/-/engine-0.0.2.tgz",
      "integrity": "sha512-sIZsX00qbtcf4hzs+xlWqmiXDMSpJq8hTlBOkBAdNKvn+xa/2hBR8nxRt70r3S/8tPamsQLRt8UYPHgYaP/e/Q==",
      "dependencies": {
        "dayjs": "1.11.7",
        "eventemitter2": "6.4.9",
        "zod": "3.20.2",
        "zod-validation-error": "0.3.0"
      },
      "peerDependencies": {
        "tslib": "2.4.1"
      }
    },
    "node_modules/@mottive/messages": {
      "version": "0.0.2",
      "resolved": "https://registry.npmjs.org/@mottive/messages/-/messages-0.0.2.tgz",
      "integrity": "sha512-pCWL7EOyQ9iXvMXPhBO1HAveLXFQ6XvWE31lQh8DODDELYbLvtdKUa5t0f9fiv1JnV1wVpQuh8puibblTYW+3w==",
      "dependencies": {
        "dayjs": "1.11.7",
        "eventemitter2": "6.4.9",
        "zod": "3.20.2",
        "zod-validation-error": "0.3.0"
      },
      "peerDependencies": {
        "@mottive/engine": "0.0.2",
        "tslib": "2.4.1"
      }
    },
    "node_modules/dayjs": {
      "version": "1.11.7",
      "resolved": "https://registry.npmjs.org/dayjs/-/dayjs-1.11.7.tgz",
      "integrity": "sha512-+Yw9U6YO5TQohxLcIkrXBeY73WP3ejHWVvx8XCk3gxvQDCTEmS48ZrSZCKciI7Bhl/uCMyxYtE9UqRILmFphkQ=="
    },
    "node_modules/eventemitter2": {
      "version": "6.4.9",
      "resolved": "https://registry.npmjs.org/eventemitter2/-/eventemitter2-6.4.9.tgz",
      "integrity": "sha512-JEPTiaOt9f04oa6NOkc4aH+nVp5I3wEjpHbIPqfgCdD5v5bUzy7xQqwcVO2aDQgOWhI28da57HksMrzK9HlRxg=="
    },
    "node_modules/tslib": {
      "version": "2.4.1",
      "resolved": "https://registry.npmjs.org/tslib/-/tslib-2.4.1.tgz",
      "integrity": "sha512-tGyy4dAjRIEwI7BzsB0lynWgOpfqjUdq91XXAlIWD2OwKBH7oCl/GZG/HT4BOHrTlPMOASlMQ7veyTqpmRcrNA==",
      "peer": true
    },
    "node_modules/zod": {
      "version": "3.20.2",
      "resolved": "https://registry.npmjs.org/zod/-/zod-3.20.2.tgz",
      "integrity": "sha512-1MzNQdAvO+54H+EaK5YpyEy0T+Ejo/7YLHS93G3RnYWh5gaotGHwGeN/ZO687qEDU2y4CdStQYXVHIgrUl5UVQ==",
      "funding": {
        "url": "https://github.com/sponsors/colinhacks"
      }
    },
    "node_modules/zod-validation-error": {
      "version": "0.3.0",
      "resolved": "https://registry.npmjs.org/zod-validation-error/-/zod-validation-error-0.3.0.tgz",
      "integrity": "sha512-M0g8+1fgEgz6do82lA90v1IA4WXOK7TxAHqohAPktNJbTacl7tI74JS38AUWJPIJgDjUkhtEuLkUUFl3uhneyA==",
      "engines": {
        "node": "^14.17 || >=16.0.0"
      },
      "peerDependencies": {
        "zod": "^3.18.0"
      }
    }
  },
  "dependencies": {
    "@mottive/engine": {
      "version": "0.0.2",
      "resolved": "https://registry.npmjs.org/@mottive/engine/-/engine-0.0.2.tgz",
      "integrity": "sha512-sIZsX00qbtcf4hzs+xlWqmiXDMSpJq8hTlBOkBAdNKvn+xa/2hBR8nxRt70r3S/8tPamsQLRt8UYPHgYaP/e/Q==",
      "requires": {
        "dayjs": "1.11.7",
        "eventemitter2": "6.4.9",
        "zod": "3.20.2",
        "zod-validation-error": "0.3.0"
      }
    },
    "@mottive/messages": {
      "version": "0.0.2",
      "resolved": "https://registry.npmjs.org/@mottive/messages/-/messages-0.0.2.tgz",
      "integrity": "sha512-pCWL7EOyQ9iXvMXPhBO1HAveLXFQ6XvWE31lQh8DODDELYbLvtdKUa5t0f9fiv1JnV1wVpQuh8puibblTYW+3w==",
      "requires": {
        "dayjs": "1.11.7",
        "eventemitter2": "6.4.9",
        "zod": "3.20.2",
        "zod-validation-error": "0.3.0"
      }
    },
    "dayjs": {
      "version": "1.11.7",
      "resolved": "https://registry.npmjs.org/dayjs/-/dayjs-1.11.7.tgz",
      "integrity": "sha512-+Yw9U6YO5TQohxLcIkrXBeY73WP3ejHWVvx8XCk3gxvQDCTEmS48ZrSZCKciI7Bhl/uCMyxYtE9UqRILmFphkQ=="
    },
    "eventemitter2": {
      "version": "6.4.9",
      "resolved": "https://registry.npmjs.org/eventemitter2/-/eventemitter2-6.4.9.tgz",
      "integrity": "sha512-JEPTiaOt9f04oa6NOkc4aH+nVp5I3wEjpHbIPqfgCdD5v5bUzy7xQqwcVO2aDQgOWhI28da57HksMrzK9HlRxg=="
    },
    "tslib": {
      "version": "2.4.1",
      "resolved": "https://registry.npmjs.org/tslib/-/tslib-2.4.1.tgz",
      "integrity": "sha512-tGyy4dAjRIEwI7BzsB0lynWgOpfqjUdq91XXAlIWD2OwKBH7oCl/GZG/HT4BOHrTlPMOASlMQ7veyTqpmRcrNA==",
      "peer": true
    },
    "zod": {
      "version": "3.20.2",
      "resolved": "https://registry.npmjs.org/zod/-/zod-3.20.2.tgz",
      "integrity": "sha512-1MzNQdAvO+54H+EaK5YpyEy0T+Ejo/7YLHS93G3RnYWh5gaotGHwGeN/ZO687qEDU2y4CdStQYXVHIgrUl5UVQ=="
    },
    "zod-validation-error": {
      "version": "0.3.0",
      "resolved": "https://registry.npmjs.org/zod-validation-error/-/zod-validation-error-0.3.0.tgz",
      "integrity": "sha512-M0g8+1fgEgz6do82lA90v1IA4WXOK7TxAHqohAPktNJbTacl7tI74JS38AUWJPIJgDjUkhtEuLkUUFl3uhneyA==",
      "requires": {}
    }
  }
}
